
Microsoft Visual Studio Solution File, Format Version 12.00
# Visual Studio Version 16
VisualStudioVersion = 16.0.31624.102
MinimumVisualStudioVersion = 10.0.40219.1
Project("{FAE04EC0-301F-11D3-BF4B-00C04F79EFBC}") = "ADISC3Api", "ADISC3Api\ADISC3Api.csproj", "{75D97A9A-70AB-41C3-99D2-8ACEF7D593D6}"
EndProject
Global
	GlobalSection(SolutionConfigurationPlatforms) = preSolution
		Debug|Any CPU = Debug|Any CPU
		Release|Any CPU = Release|Any CPU
	EndGlobalSection
	GlobalSection(ProjectConfigurationPlatforms) = postSolution
		{75D97A9A-70AB-41C3-99D2-8ACEF7D593D6}.Debug|Any CPU.ActiveCfg = Debug|Any CPU
		{75D97A9A-70AB-41C3-99D2-8ACEF7D593D6}.Debug|Any CPU.Build.0 = Debug|Any CPU
		{75D97A9A-70AB-41C3-99D2-8ACEF7D593D6}.Release|Any CPU.ActiveCfg = Release|Any CPU
		{75D97A9A-70AB-41C3-99D2-8ACEF7D593D6}.Release|Any CPU.Build.0 = Release|Any CPU
	EndGlobalSection
	GlobalSection(SolutionProperties) = preSolution
		HideSolutionNode = FALSE
	EndGlobalSection
	GlobalSection(ExtensibilityGlobals) = postSolution
		SolutionGuid = {FC106A5B-6804-49D4-99AF-EB0F4C7483EF}
	EndGlobalSection
EndGlobal
